
Microsoft Visual Studio Solution File, Format Version 12.00
# Visual Studio 14
VisualStudioVersion = 14.0.25420.1
MinimumVisualStudioVersion = 10.0.40219.1
Project("{FAE04EC0-301F-11D3-BF4B-00C04F79EFBC}") = "covfefe-explorer", "covfefe-explorer\covfefe-explorer.csproj", "{0D6B8F27-766E-4F87-B452-FD8D16643133}"
EndProject
Project("{FAE04EC0-301F-11D3-BF4B-00C04F79EFBC}") = "covfefe-translation", "covfefe-translation\covfefe-translation.csproj", "{D545DE4D-9DBB-4A3A-A6A2-D438028EDADA}"
EndProject
Project("{FAE04EC0-301F-11D3-BF4B-00C04F79EFBC}") = "covfefe-compiler", "covfefe-compiler\covfefe-compiler.csproj", "{62834020-39B3-4462-9090-58F4FD4F8BC3}"
EndProject
Global
	GlobalSection(SolutionConfigurationPlatforms) = preSolution
		Debug|Any CPU = Debug|Any CPU
		Release|Any CPU = Release|Any CPU
	EndGlobalSection
	GlobalSection(ProjectConfigurationPlatforms) = postSolution
		{0D6B8F27-766E-4F87-B452-FD8D16643133}.Debug|Any CPU.ActiveCfg = Debug|Any CPU
		{0D6B8F27-766E-4F87-B452-FD8D16643133}.Debug|Any CPU.Build.0 = Debug|Any CPU
		{0D6B8F27-766E-4F87-B452-FD8D16643133}.Release|Any CPU.ActiveCfg = Release|Any CPU
		{0D6B8F27-766E-4F87-B452-FD8D16643133}.Release|Any CPU.Build.0 = Release|Any CPU
		{D545DE4D-9DBB-4A3A-A6A2-D438028EDADA}.Debug|Any CPU.ActiveCfg = Debug|Any CPU
		{D545DE4D-9DBB-4A3A-A6A2-D438028EDADA}.Debug|Any CPU.Build.0 = Debug|Any CPU
		{D545DE4D-9DBB-4A3A-A6A2-D438028EDADA}.Release|Any CPU.ActiveCfg = Release|Any CPU
		{D545DE4D-9DBB-4A3A-A6A2-D438028EDADA}.Release|Any CPU.Build.0 = Release|Any CPU
		{62834020-39B3-4462-9090-58F4FD4F8BC3}.Debug|Any CPU.ActiveCfg = Debug|Any CPU
		{62834020-39B3-4462-9090-58F4FD4F8BC3}.Debug|Any CPU.Build.0 = Debug|Any CPU
		{62834020-39B3-4462-9090-58F4FD4F8BC3}.Release|Any CPU.ActiveCfg = Release|Any CPU
		{62834020-39B3-4462-9090-58F4FD4F8BC3}.Release|Any CPU.Build.0 = Release|Any CPU
	EndGlobalSection
	GlobalSection(SolutionProperties) = preSolution
		HideSolutionNode = FALSE
	EndGlobalSection
EndGlobal
